// !$*UTF8*$!
{
	archiveVersion = 1;
	classes = {
	};
	objectVersion = 56;
	objects = {

/* Begin PBXBuildFile section */
		F3A048BC29D378C00022E048 /* CalculateModel.swift in Sources */ = {isa = PBXBuildFile; fileRef = F3A048BB29D378C00022E048 /* CalculateModel.swift */; };
		F3A048BE29D37A1C0022E048 /* CasesIMCModel.swift in Sources */ = {isa = PBXBuildFile; fileRef = F3A048BD29D37A1C0022E048 /* CasesIMCModel.swift */; };
		F3BCA04929D1E322000DE866 /* TextFieldView.swift in Sources */ = {isa = PBXBuildFile; fileRef = F3BCA04829D1E322000DE866 /* TextFieldView.swift */; };
		F3BCA04B29D21072000DE866 /* ResultViewController.swift in Sources */ = {isa = PBXBuildFile; fileRef = F3BCA04A29D21072000DE866 /* ResultViewController.swift */; };
		F3D27CAE294CE68E00F73587 /* AppDelegate.swift in Sources */ = {isa = PBXBuildFile; fileRef = F3D27CAD294CE68E00F73587 /* AppDelegate.swift */; };
		F3D27CB0294CE68E00F73587 /* SceneDelegate.swift in Sources */ = {isa = PBXBuildFile; fileRef = F3D27CAF294CE68E00F73587 /* SceneDelegate.swift */; };
		F3D27CB7294CE68F00F73587 /* Assets.xcassets in Resources */ = {isa = PBXBuildFile; fileRef = F3D27CB6294CE68F00F73587 /* Assets.xcassets */; };
		F3D27CBA294CE68F00F73587 /* LaunchScreen.storyboard in Resources */ = {isa = PBXBuildFile; fileRef = F3D27CB8294CE68F00F73587 /* LaunchScreen.storyboard */; };
		F3DF8CEC29CB35CD00E190B0 /* ViewController.swift in Sources */ = {isa = PBXBuildFile; fileRef = F3DF8CEB29CB35CD00E190B0 /* ViewController.swift */; };
		F3DF8CEE29CB36CA00E190B0 /* BMIView.swift in Sources */ = {isa = PBXBuildFile; fileRef = F3DF8CED29CB36CA00E190B0 /* BMIView.swift */; };
		F3DF8CF029CC8B8B00E190B0 /* ViewConfiguration.swift in Sources */ = {isa = PBXBuildFile; fileRef = F3DF8CEF29CC8B8B00E190B0 /* ViewConfiguration.swift */; };
		F3DF8CF329CCE04500E190B0 /* SnapKit in Frameworks */ = {isa = PBXBuildFile; productRef = F3DF8CF229CCE04500E190B0 /* SnapKit */; };
		F3F7204129DB572100972BE3 /* BMIResultView.swift in Sources */ = {isa = PBXBuildFile; fileRef = F3F7204029DB572100972BE3 /* BMIResultView.swift */; };
/* End PBXBuildFile section */

/* Begin PBXFileReference section */
		F3A048BB29D378C00022E048 /* CalculateModel.swift */ = {isa = PBXFileReference; lastKnownFileType = sourcecode.swift; path = CalculateModel.swift; sourceTree = "<group>"; };
		F3A048BD29D37A1C0022E048 /* CasesIMCModel.swift */ = {isa = PBXFileReference; lastKnownFileType = sourcecode.swift; path = CasesIMCModel.swift; sourceTree = "<group>"; };
		F3BCA04829D1E322000DE866 /* TextFieldView.swift */ = {isa = PBXFileReference; lastKnownFileType = sourcecode.swift; path = TextFieldView.swift; sourceTree = "<group>"; };
		F3BCA04A29D21072000DE866 /* ResultViewController.swift */ = {isa = PBXFileReference; lastKnownFileType = sourcecode.swift; path = ResultViewController.swift; sourceTree = "<group>"; };
		F3D27CAA294CE68E00F73587 /* DesafioIMC-2.app */ = {isa = PBXFileReference; explicitFileType = wrapper.application; includeInIndex = 0; path = "DesafioIMC-2.app"; sourceTree = BUILT_PRODUCTS_DIR; };
		F3D27CAD294CE68E00F73587 /* AppDelegate.swift */ = {isa = PBXFileReference; lastKnownFileType = sourcecode.swift; path = AppDelegate.swift; sourceTree = "<group>"; };
		F3D27CAF294CE68E00F73587 /* SceneDelegate.swift */ = {isa = PBXFileReference; lastKnownFileType = sourcecode.swift; path = SceneDelegate.swift; sourceTree = "<group>"; };
		F3D27CB6294CE68F00F73587 /* Assets.xcassets */ = {isa = PBXFileReference; lastKnownFileType = folder.assetcatalog; path = Assets.xcassets; sourceTree = "<group>"; };
		F3D27CB9294CE68F00F73587 /* Base */ = {isa = PBXFileReference; lastKnownFileType = file.storyboard; name = Base; path = Base.lproj/LaunchScreen.storyboard; sourceTree = "<group>"; };
		F3D27CBB294CE68F00F73587 /* Info.plist */ = {isa = PBXFileReference; lastKnownFileType = text.plist.xml; path = Info.plist; sourceTree = "<group>"; };
		F3DF8CEB29CB35CD00E190B0 /* ViewController.swift */ = {isa = PBXFileReference; lastKnownFileType = sourcecode.swift; path = ViewController.swift; sourceTree = "<group>"; };
		F3DF8CED29CB36CA00E190B0 /* BMIView.swift */ = {isa = PBXFileReference; lastKnownFileType = sourcecode.swift; path = BMIView.swift; sourceTree = "<group>"; };
		F3DF8CEF29CC8B8B00E190B0 /* ViewConfiguration.swift */ = {isa = PBXFileReference; lastKnownFileType = sourcecode.swift; path = ViewConfiguration.swift; sourceTree = "<group>"; };
		F3F7204029DB572100972BE3 /* BMIResultView.swift */ = {isa = PBXFileReference; lastKnownFileType = sourcecode.swift; path = BMIResultView.swift; sourceTree = "<group>"; };
/* End PBXFileReference section */

/* Begin PBXFrameworksBuildPhase section */
		F3D27CA7294CE68E00F73587 /* Frameworks */ = {
			isa = PBXFrameworksBuildPhase;
			buildActionMask = 2147483647;
			files = (
				F3DF8CF329CCE04500E190B0 /* SnapKit in Frameworks */,
			);
			runOnlyForDeploymentPostprocessing = 0;
		};
/* End PBXFrameworksBuildPhase section */

/* Begin PBXGroup section */
		F3D27CA1294CE68E00F73587 = {
			isa = PBXGroup;
			children = (
				F3D27CAC294CE68E00F73587 /* DesafioIMC-2 */,
				F3D27CAB294CE68E00F73587 /* Products */,
			);
			sourceTree = "<group>";
		};
		F3D27CAB294CE68E00F73587 /* Products */ = {
			isa = PBXGroup;
			children = (
				F3D27CAA294CE68E00F73587 /* DesafioIMC-2.app */,
			);
			name = Products;
			sourceTree = "<group>";
		};
		F3D27CAC294CE68E00F73587 /* DesafioIMC-2 */ = {
			isa = PBXGroup;
			children = (
				F3F7204229DC614400972BE3 /* Model  */,
				F3F7204329DC616F00972BE3 /* View */,
				F3F7204429DC61A500972BE3 /* Controller */,
				F3D27CB6294CE68F00F73587 /* Assets.xcassets */,
				F3D27CB8294CE68F00F73587 /* LaunchScreen.storyboard */,
				F3D27CBB294CE68F00F73587 /* Info.plist */,
				F3D27CAF294CE68E00F73587 /* SceneDelegate.swift */,
				F3D27CAD294CE68E00F73587 /* AppDelegate.swift */,
			);
			path = "DesafioIMC-2";
			sourceTree = "<group>";
		};
		F3F7204229DC614400972BE3 /* Model  */ = {
			isa = PBXGroup;
			children = (
				F3A048BB29D378C00022E048 /* CalculateModel.swift */,
				F3A048BD29D37A1C0022E048 /* CasesIMCModel.swift */,
			);
			path = "Model ";
			sourceTree = "<group>";
		};
		F3F7204329DC616F00972BE3 /* View */ = {
			isa = PBXGroup;
			children = (
				F3DF8CED29CB36CA00E190B0 /* BMIView.swift */,
				F3BCA04829D1E322000DE866 /* TextFieldView.swift */,
				F3F7204029DB572100972BE3 /* BMIResultView.swift */,
			);
			path = View;
			sourceTree = "<group>";
		};
		F3F7204429DC61A500972BE3 /* Controller */ = {
			isa = PBXGroup;
			children = (
				F3DF8CEB29CB35CD00E190B0 /* ViewController.swift */,
				F3BCA04A29D21072000DE866 /* ResultViewController.swift */,
				F3DF8CEF29CC8B8B00E190B0 /* ViewConfiguration.swift */,
			);
			path = Controller;
			sourceTree = "<group>";
		};
/* End PBXGroup section */

/* Begin PBXNativeTarget section */
		F3D27CA9294CE68E00F73587 /* DesafioIMC-2 */ = {
			isa = PBXNativeTarget;
			buildConfigurationList = F3D27CBE294CE68F00F73587 /* Build configuration list for PBXNativeTarget "DesafioIMC-2" */;
			buildPhases = (
				F3D27CA6294CE68E00F73587 /* Sources */,
				F3D27CA7294CE68E00F73587 /* Frameworks */,
				F3D27CA8294CE68E00F73587 /* Resources */,
			);
			buildRules = (
			);
			dependencies = (
			);
			name = "DesafioIMC-2";
			packageProductDependencies = (
				F3DF8CF229CCE04500E190B0 /* SnapKit */,
			);
			productName = "DesafioIMC-2";
			productReference = F3D27CAA294CE68E00F73587 /* DesafioIMC-2.app */;
			productType = "com.apple.product-type.application";
		};
/* End PBXNativeTarget section */

/* Begin PBXProject section */
		F3D27CA2294CE68E00F73587 /* Project object */ = {
			isa = PBXProject;
			attributes = {
				BuildIndependentTargetsInParallel = 1;
				LastSwiftUpdateCheck = 1420;
				LastUpgradeCheck = 1420;
				TargetAttributes = {
					F3D27CA9294CE68E00F73587 = {
						CreatedOnToolsVersion = 14.2;
					};
				};
			};
			buildConfigurationList = F3D27CA5294CE68E00F73587 /* Build configuration list for PBXProject "DesafioIMC-2" */;
			compatibilityVersion = "Xcode 14.0";
			developmentRegion = en;
			hasScannedForEncodings = 0;
			knownRegions = (
				en,
				Base,
			);
			mainGroup = F3D27CA1294CE68E00F73587;
			packageReferences = (
				F3DF8CF129CCE04500E190B0 /* XCRemoteSwiftPackageReference "SnapKit" */,
			);
			productRefGroup = F3D27CAB294CE68E00F73587 /* Products */;
			projectDirPath = "";
			projectRoot = "";
			targets = (
				F3D27CA9294CE68E00F73587 /* DesafioIMC-2 */,
			);
		};
/* End PBXProject section */

/* Begin PBXResourcesBuildPhase section */
		F3D27CA8294CE68E00F73587 /* Resources */ = {
			isa = PBXResourcesBuildPhase;
			buildActionMask = 2147483647;
			files = (
				F3D27CBA294CE68F00F73587 /* LaunchScreen.storyboard in Resources */,
				F3D27CB7294CE68F00F73587 /* Assets.xcassets in Resources */,
			);
			runOnlyForDeploymentPostprocessing = 0;
		};
/* End PBXResourcesBuildPhase section */

/* Begin PBXSourcesBuildPhase section */
		F3D27CA6294CE68E00F73587 /* Sources */ = {
			isa = PBXSourcesBuildPhase;
			buildActionMask = 2147483647;
			files = (
				F3DF8CEC29CB35CD00E190B0 /* ViewController.swift in Sources */,
				F3BCA04929D1E322000DE866 /* TextFieldView.swift in Sources */,
				F3D27CAE294CE68E00F73587 /* AppDelegate.swift in Sources */,
				F3F7204129DB572100972BE3 /* BMIResultView.swift in Sources */,
				F3A048BC29D378C00022E048 /* CalculateModel.swift in Sources */,
				F3BCA04B29D21072000DE866 /* ResultViewController.swift in Sources */,
				F3DF8CEE29CB36CA00E190B0 /* BMIView.swift in Sources */,
				F3DF8CF029CC8B8B00E190B0 /* ViewConfiguration.swift in Sources */,
				F3D27CB0294CE68E00F73587 /* SceneDelegate.swift in Sources */,
				F3A048BE29D37A1C0022E048 /* CasesIMCModel.swift in Sources */,
			);
			runOnlyForDeploymentPostprocessing = 0;
		};
/* End PBXSourcesBuildPhase section */

/* Begin PBXVariantGroup section */
		F3D27CB8294CE68F00F73587 /* LaunchScreen.storyboard */ = {
			isa = PBXVariantGroup;
			children = (
				F3D27CB9294CE68F00F73587 /* Base */,
			);
			name = LaunchScreen.storyboard;
			sourceTree = "<group>";
		};
/* End PBXVariantGroup section */

/* Begin XCBuildConfiguration section */
		F3D27CBC294CE68F00F73587 /* Debug */ = {
			isa = XCBuildConfiguration;
			buildSettings = {
				ALWAYS_SEARCH_USER_PATHS = NO;
				CLANG_ANALYZER_NONNULL = YES;
				CLANG_ANALYZER_NUMBER_OBJECT_CONVERSION = YES_AGGRESSIVE;
				CLANG_CXX_LANGUAGE_STANDARD = "gnu++20";
				CLANG_ENABLE_MODULES = YES;
				CLANG_ENABLE_OBJC_ARC = YES;
				CLANG_ENABLE_OBJC_WEAK = YES;
				CLANG_WARN_BLOCK_CAPTURE_AUTORELEASING = YES;
				CLANG_WARN_BOOL_CONVERSION = YES;
				CLANG_WARN_COMMA = YES;
				CLANG_WARN_CONSTANT_CONVERSION = YES;
				CLANG_WARN_DEPRECATED_OBJC_IMPLEMENTATIONS = YES;
				CLANG_WARN_DIRECT_OBJC_ISA_USAGE = YES_ERROR;
				CLANG_WARN_DOCUMENTATION_COMMENTS = YES;
				CLANG_WARN_EMPTY_BODY = YES;
				CLANG_WARN_ENUM_CONVERSION = YES;
				CLANG_WARN_INFINITE_RECURSION = YES;
				CLANG_WARN_INT_CONVERSION = YES;
				CLANG_WARN_NON_LITERAL_NULL_CONVERSION = YES;
				CLANG_WARN_OBJC_IMPLICIT_RETAIN_SELF = YES;
				CLANG_WARN_OBJC_LITERAL_CONVERSION = YES;
				CLANG_WARN_OBJC_ROOT_CLASS = YES_ERROR;
				CLANG_WARN_QUOTED_INCLUDE_IN_FRAMEWORK_HEADER = YES;
				CLANG_WARN_RANGE_LOOP_ANALYSIS = YES;
				CLANG_WARN_STRICT_PROTOTYPES = YES;
				CLANG_WARN_SUSPICIOUS_MOVE = YES;
				CLANG_WARN_UNGUARDED_AVAILABILITY = YES_AGGRESSIVE;
				CLANG_WARN_UNREACHABLE_CODE = YES;
				CLANG_WARN__DUPLICATE_METHOD_MATCH = YES;
				COPY_PHASE_STRIP = NO;
				DEBUG_INFORMATION_FORMAT = dwarf;
				ENABLE_STRICT_OBJC_MSGSEND = YES;
				ENABLE_TESTABILITY = YES;
				GCC_C_LANGUAGE_STANDARD = gnu11;
				GCC_DYNAMIC_NO_PIC = NO;
				GCC_NO_COMMON_BLOCKS = YES;
				GCC_OPTIMIZATION_LEVEL = 0;
				GCC_PREPROCESSOR_DEFINITIONS = (
					"DEBUG=1",
					"$(inherited)",
				);
				GCC_WARN_64_TO_32_BIT_CONVERSION = YES;
				GCC_WARN_ABOUT_RETURN_TYPE = YES_ERROR;
				GCC_WARN_UNDECLARED_SELECTOR = YES;
				GCC_WARN_UNINITIALIZED_AUTOS = YES_AGGRESSIVE;
				GCC_WARN_UNUSED_FUNCTION = YES;
				GCC_WARN_UNUSED_VARIABLE = YES;
				IPHONEOS_DEPLOYMENT_TARGET = 16.2;
				MTL_ENABLE_DEBUG_INFO = INCLUDE_SOURCE;
				MTL_FAST_MATH = YES;
				ONLY_ACTIVE_ARCH = YES;
				SDKROOT = iphoneos;
				SWIFT_ACTIVE_COMPILATION_CONDITIONS = DEBUG;
				SWIFT_OPTIMIZATION_LEVEL = "-Onone";
			};
			name = Debug;
		};
		F3D27CBD294CE68F00F73587 /* Release */ = {
			isa = XCBuildConfiguration;
			buildSettings = {
				ALWAYS_SEARCH_USER_PATHS = NO;
				CLANG_ANALYZER_NONNULL = YES;
				CLANG_ANALYZER_NUMBER_OBJECT_CONVERSION = YES_AGGRESSIVE;
				CLANG_CXX_LANGUAGE_STANDARD = "gnu++20";
				CLANG_ENABLE_MODULES = YES;
				CLANG_ENABLE_OBJC_ARC = YES;
				CLANG_ENABLE_OBJC_WEAK = YES;
				CLANG_WARN_BLOCK_CAPTURE_AUTORELEASING = YES;
				CLANG_WARN_BOOL_CONVERSION = YES;
				CLANG_WARN_COMMA = YES;
				CLANG_WARN_CONSTANT_CONVERSION = YES;
				CLANG_WARN_DEPRECATED_OBJC_IMPLEMENTATIONS = YES;
				CLANG_WARN_DIRECT_OBJC_ISA_USAGE = YES_ERROR;
				CLANG_WARN_DOCUMENTATION_COMMENTS = YES;
				CLANG_WARN_EMPTY_BODY = YES;
				CLANG_WARN_ENUM_CONVERSION = YES;
				CLANG_WARN_INFINITE_RECURSION = YES;
				CLANG_WARN_INT_CONVERSION = YES;
				CLANG_WARN_NON_LITERAL_NULL_CONVERSION = YES;
				CLANG_WARN_OBJC_IMPLICIT_RETAIN_SELF = YES;
				CLANG_WARN_OBJC_LITERAL_CONVERSION = YES;
				CLANG_WARN_OBJC_ROOT_CLASS = YES_ERROR;
				CLANG_WARN_QUOTED_INCLUDE_IN_FRAMEWORK_HEADER = YES;
				CLANG_WARN_RANGE_LOOP_ANALYSIS = YES;
				CLANG_WARN_STRICT_PROTOTYPES = YES;
				CLANG_WARN_SUSPICIOUS_MOVE = YES;
				CLANG_WARN_UNGUARDED_AVAILABILITY = YES_AGGRESSIVE;
				CLANG_WARN_UNREACHABLE_CODE = YES;
				CLANG_WARN__DUPLICATE_METHOD_MATCH = YES;
				COPY_PHASE_STRIP = NO;
				DEBUG_INFORMATION_FORMAT = "dwarf-with-dsym";
				ENABLE_NS_ASSERTIONS = NO;
				ENABLE_STRICT_OBJC_MSGSEND = YES;
				GCC_C_LANGUAGE_STANDARD = gnu11;
				GCC_NO_COMMON_BLOCKS = YES;
				GCC_WARN_64_TO_32_BIT_CONVERSION = YES;
				GCC_WARN_ABOUT_RETURN_TYPE = YES_ERROR;
				GCC_WARN_UNDECLARED_SELECTOR = YES;
				GCC_WARN_UNINITIALIZED_AUTOS = YES_AGGRESSIVE;
				GCC_WARN_UNUSED_FUNCTION = YES;
				GCC_WARN_UNUSED_VARIABLE = YES;
				IPHONEOS_DEPLOYMENT_TARGET = 16.2;
				MTL_ENABLE_DEBUG_INFO = NO;
				MTL_FAST_MATH = YES;
				SDKROOT = iphoneos;
				SWIFT_COMPILATION_MODE = wholemodule;
				SWIFT_OPTIMIZATION_LEVEL = "-O";
				VALIDATE_PRODUCT = YES;
			};
			name = Release;
		};
		F3D27CBF294CE68F00F73587 /* Debug */ = {
			isa = XCBuildConfiguration;
			buildSettings = {
				ASSETCATALOG_COMPILER_APPICON_NAME = AppIcon;
				ASSETCATALOG_COMPILER_GLOBAL_ACCENT_COLOR_NAME = AccentColor;
				CODE_SIGN_STYLE = Automatic;
				CURRENT_PROJECT_VERSION = 1;
				DEVELOPMENT_TEAM = AB5BB364M4;
				GENERATE_INFOPLIST_FILE = YES;
				INFOPLIST_FILE = "DesafioIMC-2/Info.plist";
				INFOPLIST_KEY_UIApplicationSupportsIndirectInputEvents = YES;
				INFOPLIST_KEY_UILaunchStoryboardName = LaunchScreen;
				INFOPLIST_KEY_UISupportedInterfaceOrientations_iPad = "UIInterfaceOrientationPortrait UIInterfaceOrientationPortraitUpsideDown UIInterfaceOrientationLandscapeLeft UIInterfaceOrientationLandscapeRight";
				INFOPLIST_KEY_UISupportedInterfaceOrientations_iPhone = "UIInterfaceOrientationPortrait UIInterfaceOrientationLandscapeLeft UIInterfaceOrientationLandscapeRight";
				LD_RUNPATH_SEARCH_PATHS = (
					"$(inherited)",
					"@executable_path/Frameworks",
				);
				MARKETING_VERSION = 1.0;
				PRODUCT_BUNDLE_IDENTIFIER = "hellen.heiny.DesafioIMC-2";
				PRODUCT_NAME = "$(TARGET_NAME)";
				SWIFT_EMIT_LOC_STRINGS = YES;
				SWIFT_VERSION = 5.0;
				TARGETED_DEVICE_FAMILY = "1,2";
			};
			name = Debug;
		};
		F3D27CC0294CE68F00F73587 /* Release */ = {
			isa = XCBuildConfiguration;
			buildSettings = {
				ASSETCATALOG_COMPILER_APPICON_NAME = AppIcon;
				ASSETCATALOG_COMPILER_GLOBAL_ACCENT_COLOR_NAME = AccentColor;
				CODE_SIGN_STYLE = Automatic;
				CURRENT_PROJECT_VERSION = 1;
				DEVELOPMENT_TEAM = AB5BB364M4;
				GENERATE_INFOPLIST_FILE = YES;
				INFOPLIST_FILE = "DesafioIMC-2/Info.plist";
				INFOPLIST_KEY_UIApplicationSupportsIndirectInputEvents = YES;
				INFOPLIST_KEY_UILaunchStoryboardName = LaunchScreen;
				INFOPLIST_KEY_UISupportedInterfaceOrientations_iPad = "UIInterfaceOrientationPortrait UIInterfaceOrientationPortraitUpsideDown UIInterfaceOrientationLandscapeLeft UIInterfaceOrientationLandscapeRight";
				INFOPLIST_KEY_UISupportedInterfaceOrientations_iPhone = "UIInterfaceOrientationPortrait UIInterfaceOrientationLandscapeLeft UIInterfaceOrientationLandscapeRight";
				LD_RUNPATH_SEARCH_PATHS = (
					"$(inherited)",
					"@executable_path/Frameworks",
				);
				MARKETING_VERSION = 1.0;
				PRODUCT_BUNDLE_IDENTIFIER = "hellen.heiny.DesafioIMC-2";
				PRODUCT_NAME = "$(TARGET_NAME)";
				SWIFT_EMIT_LOC_STRINGS = YES;
				SWIFT_VERSION = 5.0;
				TARGETED_DEVICE_FAMILY = "1,2";
			};
			name = Release;
		};
/* End XCBuildConfiguration section */

/* Begin XCConfigurationList section */
		F3D27CA5294CE68E00F73587 /* Build configuration list for PBXProject "DesafioIMC-2" */ = {
			isa = XCConfigurationList;
			buildConfigurations = (
				F3D27CBC294CE68F00F73587 /* Debug */,
				F3D27CBD294CE68F00F73587 /* Release */,
			);
			defaultConfigurationIsVisible = 0;
			defaultConfigurationName = Release;
		};
		F3D27CBE294CE68F00F73587 /* Build configuration list for PBXNativeTarget "DesafioIMC-2" */ = {
			isa = XCConfigurationList;
			buildConfigurations = (
				F3D27CBF294CE68F00F73587 /* Debug */,
				F3D27CC0294CE68F00F73587 /* Release */,
			);
			defaultConfigurationIsVisible = 0;
			defaultConfigurationName = Release;
		};
/* End XCConfigurationList section */

/* Begin XCRemoteSwiftPackageReference section */
		F3DF8CF129CCE04500E190B0 /* XCRemoteSwiftPackageReference "SnapKit" */ = {
			isa = XCRemoteSwiftPackageReference;
			repositoryURL = "https://github.com/SnapKit/SnapKit.git";
			requirement = {
				branch = develop;
				kind = branch;
			};
		};
/* End XCRemoteSwiftPackageReference section */

/* Begin XCSwiftPackageProductDependency section */
		F3DF8CF229CCE04500E190B0 /* SnapKit */ = {
			isa = XCSwiftPackageProductDependency;
			package = F3DF8CF129CCE04500E190B0 /* XCRemoteSwiftPackageReference "SnapKit" */;
			productName = SnapKit;
		};
/* End XCSwiftPackageProductDependency section */
	};
	rootObject = F3D27CA2294CE68E00F73587 /* Project object */;
}
